// !$*UTF8*$!
{
	archiveVersion = 1;
	classes = {
	};
	objectVersion = 77;
	objects = {

/* Begin PBXContainerItemProxy section */
		9589C6152CCAEEE800BE4A12 /* PBXContainerItemProxy */ = {
			isa = PBXContainerItemProxy;
			containerPortal = 9589C5F32CCAEEE600BE4A12 /* Project object */;
			proxyType = 1;
			remoteGlobalIDString = 9589C5FA2CCAEEE600BE4A12;
			remoteInfo = BankLoanApplication;
		};
		9589C61F2CCAEEE800BE4A12 /* PBXContainerItemProxy */ = {
			isa = PBXContainerItemProxy;
			containerPortal = 9589C5F32CCAEEE600BE4A12 /* Project object */;
			proxyType = 1;
			remoteGlobalIDString = 9589C5FA2CCAEEE600BE4A12;
			remoteInfo = BankLoanApplication;
		};
/* End PBXContainerItemProxy section */

/* Begin PBXFileReference section */
		9589C5FB2CCAEEE600BE4A12 /* BankLoanApplication.app */ = {isa = PBXFileReference; explicitFileType = wrapper.application; includeInIndex = 0; path = BankLoanApplication.app; sourceTree = BUILT_PRODUCTS_DIR; };
		9589C6142CCAEEE800BE4A12 /* BankLoanApplicationTests.xctest */ = {isa = PBXFileReference; explicitFileType = wrapper.cfbundle; includeInIndex = 0; path = BankLoanApplicationTests.xctest; sourceTree = BUILT_PRODUCTS_DIR; };
		9589C61E2CCAEEE800BE4A12 /* BankLoanApplicationUITests.xctest */ = {isa = PBXFileReference; explicitFileType = wrapper.cfbundle; includeInIndex = 0; path = BankLoanApplicationUITests.xctest; sourceTree = BUILT_PRODUCTS_DIR; };
/* End PBXFileReference section */

/* Begin PBXFileSystemSynchronizedBuildFileExceptionSet section */
		9589C6262CCAEEE800BE4A12 /* Exceptions for "BankLoanApplication" folder in "BankLoanApplication" target */ = {
			isa = PBXFileSystemSynchronizedBuildFileExceptionSet;
			membershipExceptions = (
				Info.plist,
			);
			target = 9589C5FA2CCAEEE600BE4A12 /* BankLoanApplication */;
		};
/* End PBXFileSystemSynchronizedBuildFileExceptionSet section */

/* Begin PBXFileSystemSynchronizedRootGroup section */
		9589C5FD2CCAEEE600BE4A12 /* BankLoanApplication */ = {
			isa = PBXFileSystemSynchronizedRootGroup;
			exceptions = (
				9589C6262CCAEEE800BE4A12 /* Exceptions for "BankLoanApplication" folder in "BankLoanApplication" target */,
			);
			path = BankLoanApplication;
			sourceTree = "<group>";
		};
		9589C6172CCAEEE800BE4A12 /* BankLoanApplicationTests */ = {
			isa = PBXFileSystemSynchronizedRootGroup;
			path = BankLoanApplicationTests;
			sourceTree = "<group>";
		};
		9589C6212CCAEEE800BE4A12 /* BankLoanApplicationUITests */ = {
			isa = PBXFileSystemSynchronizedRootGroup;
			path = BankLoanApplicationUITests;
			sourceTree = "<group>";
		};
/* End PBXFileSystemSynchronizedRootGroup section */

/* Begin PBXFrameworksBuildPhase section */
		9589C5F82CCAEEE600BE4A12 /* Frameworks */ = {
			isa = PBXFrameworksBuildPhase;
			buildActionMask = 2147483647;
			files = (
			);
			runOnlyForDeploymentPostprocessing = 0;
		};
		9589C6112CCAEEE800BE4A12 /* Frameworks */ = {
			isa = PBXFrameworksBuildPhase;
			buildActionMask = 2147483647;
			files = (
			);
			runOnlyForDeploymentPostprocessing = 0;
		};
		9589C61B2CCAEEE800BE4A12 /* Frameworks */ = {
			isa = PBXFrameworksBuildPhase;
			buildActionMask = 2147483647;
			files = (
			);
			runOnlyForDeploymentPostprocessing = 0;
		};
/* End PBXFrameworksBuildPhase section */

/* Begin PBXGroup section */
		9589C5F22CCAEEE600BE4A12 = {
			isa = PBXGroup;
			children = (
				9589C5FD2CCAEEE600BE4A12 /* BankLoanApplication */,
				9589C6172CCAEEE800BE4A12 /* BankLoanApplicationTests */,
				9589C6212CCAEEE800BE4A12 /* BankLoanApplicationUITests */,
				9589C5FC2CCAEEE600BE4A12 /* Products */,
			);
			sourceTree = "<group>";
		};
		9589C5FC2CCAEEE600BE4A12 /* Products */ = {
			isa = PBXGroup;
			children = (
				9589C5FB2CCAEEE600BE4A12 /* BankLoanApplication.app */,
				9589C6142CCAEEE800BE4A12 /* BankLoanApplicationTests.xctest */,
				9589C61E2CCAEEE800BE4A12 /* BankLoanApplicationUITests.xctest */,
			);
			name = Products;
			sourceTree = "<group>";
		};
/* End PBXGroup section */

/* Begin PBXNativeTarget section */
		9589C5FA2CCAEEE600BE4A12 /* BankLoanApplication */ = {
			isa = PBXNativeTarget;
			buildConfigurationList = 9589C6272CCAEEE800BE4A12 /* Build configuration list for PBXNativeTarget "BankLoanApplication" */;
			buildPhases = (
				9589C5F72CCAEEE600BE4A12 /* Sources */,
				9589C5F82CCAEEE600BE4A12 /* Frameworks */,
				9589C5F92CCAEEE600BE4A12 /* Resources */,
			);
			buildRules = (
			);
			dependencies = (
			);
			fileSystemSynchronizedGroups = (
				9589C5FD2CCAEEE600BE4A12 /* BankLoanApplication */,
			);
			name = BankLoanApplication;
			packageProductDependencies = (
			);
			productName = BankLoanApplication;
			productReference = 9589C5FB2CCAEEE600BE4A12 /* BankLoanApplication.app */;
			productType = "com.apple.product-type.application";
		};
		9589C6132CCAEEE800BE4A12 /* BankLoanApplicationTests */ = {
			isa = PBXNativeTarget;
			buildConfigurationList = 9589C62C2CCAEEE800BE4A12 /* Build configuration list for PBXNativeTarget "BankLoanApplicationTests" */;
			buildPhases = (
				9589C6102CCAEEE800BE4A12 /* Sources */,
				9589C6112CCAEEE800BE4A12 /* Frameworks */,
				9589C6122CCAEEE800BE4A12 /* Resources */,
			);
			buildRules = (
			);
			dependencies = (
				9589C6162CCAEEE800BE4A12 /* PBXTargetDependency */,
			);
			fileSystemSynchronizedGroups = (
				9589C6172CCAEEE800BE4A12 /* BankLoanApplicationTests */,
			);
			name = BankLoanApplicationTests;
			packageProductDependencies = (
			);
			productName = BankLoanApplicationTests;
			productReference = 9589C6142CCAEEE800BE4A12 /* BankLoanApplicationTests.xctest */;
			productType = "com.apple.product-type.bundle.unit-test";
		};
		9589C61D2CCAEEE800BE4A12 /* BankLoanApplicationUITests */ = {
			isa = PBXNativeTarget;
			buildConfigurationList = 9589C62F2CCAEEE800BE4A12 /* Build configuration list for PBXNativeTarget "BankLoanApplicationUITests" */;
			buildPhases = (
				9589C61A2CCAEEE800BE4A12 /* Sources */,
				9589C61B2CCAEEE800BE4A12 /* Frameworks */,
				9589C61C2CCAEEE800BE4A12 /* Resources */,
			);
			buildRules = (
			);
			dependencies = (
				9589C6202CCAEEE800BE4A12 /* PBXTargetDependency */,
			);
			fileSystemSynchronizedGroups = (
				9589C6212CCAEEE800BE4A12 /* BankLoanApplicationUITests */,
			);
			name = BankLoanApplicationUITests;
			packageProductDependencies = (
			);
			productName = BankLoanApplicationUITests;
			productReference = 9589C61E2CCAEEE800BE4A12 /* BankLoanApplicationUITests.xctest */;
			productType = "com.apple.product-type.bundle.ui-testing";
		};
/* End PBXNativeTarget section */

/* Begin PBXProject section */
		9589C5F32CCAEEE600BE4A12 /* Project object */ = {
			isa = PBXProject;
			attributes = {
				BuildIndependentTargetsInParallel = 1;
				LastSwiftUpdateCheck = 1600;
				LastUpgradeCheck = 1600;
				TargetAttributes = {
					9589C5FA2CCAEEE600BE4A12 = {
						CreatedOnToolsVersion = 16.0;
					};
					9589C6132CCAEEE800BE4A12 = {
						CreatedOnToolsVersion = 16.0;
						TestTargetID = 9589C5FA2CCAEEE600BE4A12;
					};
					9589C61D2CCAEEE800BE4A12 = {
						CreatedOnToolsVersion = 16.0;
						TestTargetID = 9589C5FA2CCAEEE600BE4A12;
					};
				};
			};
			buildConfigurationList = 9589C5F62CCAEEE600BE4A12 /* Build configuration list for PBXProject "BankLoanApplication" */;
			developmentRegion = en;
			hasScannedForEncodings = 0;
			knownRegions = (
				en,
				Base,
			);
			mainGroup = 9589C5F22CCAEEE600BE4A12;
			minimizedProjectReferenceProxies = 1;
			preferredProjectObjectVersion = 77;
			productRefGroup = 9589C5FC2CCAEEE600BE4A12 /* Products */;
			projectDirPath = "";
			projectRoot = "";
			targets = (
				9589C5FA2CCAEEE600BE4A12 /* BankLoanApplication */,
				9589C6132CCAEEE800BE4A12 /* BankLoanApplicationTests */,
				9589C61D2CCAEEE800BE4A12 /* BankLoanApplicationUITests */,
			);
		};
/* End PBXProject section */

/* Begin PBXResourcesBuildPhase section */
		9589C5F92CCAEEE600BE4A12 /* Resources */ = {
			isa = PBXResourcesBuildPhase;
			buildActionMask = 2147483647;
			files = (
			);
			runOnlyForDeploymentPostprocessing = 0;
		};
		9589C6122CCAEEE800BE4A12 /* Resources */ = {
			isa = PBXResourcesBuildPhase;
			buildActionMask = 2147483647;
			files = (
			);
			runOnlyForDeploymentPostprocessing = 0;
		};
		9589C61C2CCAEEE800BE4A12 /* Resources */ = {
			isa = PBXResourcesBuildPhase;
			buildActionMask = 2147483647;
			files = (
			);
			runOnlyForDeploymentPostprocessing = 0;
		};
/* End PBXResourcesBuildPhase section */

/* Begin PBXSourcesBuildPhase section */
		9589C5F72CCAEEE600BE4A12 /* Sources */ = {
			isa = PBXSourcesBuildPhase;
			buildActionMask = 2147483647;
			files = (
			);
			runOnlyForDeploymentPostprocessing = 0;
		};
		9589C6102CCAEEE800BE4A12 /* Sources */ = {
			isa = PBXSourcesBuildPhase;
			buildActionMask = 2147483647;
			files = (
			);
			runOnlyForDeploymentPostprocessing = 0;
		};
		9589C61A2CCAEEE800BE4A12 /* Sources */ = {
			isa = PBXSourcesBuildPhase;
			buildActionMask = 2147483647;
			files = (
			);
			runOnlyForDeploymentPostprocessing = 0;
		};
/* End PBXSourcesBuildPhase section */

/* Begin PBXTargetDependency section */
		9589C6162CCAEEE800BE4A12 /* PBXTargetDependency */ = {
			isa = PBXTargetDependency;
			target = 9589C5FA2CCAEEE600BE4A12 /* BankLoanApplication */;
			targetProxy = 9589C6152CCAEEE800BE4A12 /* PBXContainerItemProxy */;
		};
		9589C6202CCAEEE800BE4A12 /* PBXTargetDependency */ = {
			isa = PBXTargetDependency;
			target = 9589C5FA2CCAEEE600BE4A12 /* BankLoanApplication */;
			targetProxy = 9589C61F2CCAEEE800BE4A12 /* PBXContainerItemProxy */;
		};
/* End PBXTargetDependency section */

/* Begin XCBuildConfiguration section */
		9589C6282CCAEEE800BE4A12 /* Debug */ = {
			isa = XCBuildConfiguration;
			buildSettings = {
				ASSETCATALOG_COMPILER_APPICON_NAME = AppIcon;
				ASSETCATALOG_COMPILER_GLOBAL_ACCENT_COLOR_NAME = AccentColor;
				CODE_SIGN_STYLE = Automatic;
				CURRENT_PROJECT_VERSION = 1;
				DEVELOPMENT_TEAM = 9Y85V96RV9;
				GENERATE_INFOPLIST_FILE = YES;
				INFOPLIST_FILE = BankLoanApplication/Info.plist;
				INFOPLIST_KEY_UIApplicationSupportsIndirectInputEvents = YES;
				INFOPLIST_KEY_UILaunchStoryboardName = LaunchScreen;
				INFOPLIST_KEY_UIMainStoryboardFile = Main;
				INFOPLIST_KEY_UISupportedInterfaceOrientations_iPad = "UIInterfaceOrientationPortrait UIInterfaceOrientationPortraitUpsideDown UIInterfaceOrientationLandscapeLeft UIInterfaceOrientationLandscapeRight";
				INFOPLIST_KEY_UISupportedInterfaceOrientations_iPhone = "UIInterfaceOrientationPortrait UIInterfaceOrientationLandscapeLeft UIInterfaceOrientationLandscapeRight";
				LD_RUNPATH_SEARCH_PATHS = (
					"$(inherited)",
					"@executable_path/Frameworks",
				);
				MARKETING_VERSION = 1.0;
				PRODUCT_BUNDLE_IDENTIFIER = com.RyanSmale.BankLoanApplication;
				PRODUCT_NAME = "$(TARGET_NAME)";
				SWIFT_EMIT_LOC_STRINGS = YES;
				SWIFT_VERSION = 5.0;
				TARGETED_DEVICE_FAMILY = "1,2";
			};
			name = Debug;
		};
		9589C6292CCAEEE800BE4A12 /* Release */ = {
			isa = XCBuildConfiguration;
			buildSettings = {
				ASSETCATALOG_COMPILER_APPICON_NAME = AppIcon;
				ASSETCATALOG_COMPILER_GLOBAL_ACCENT_COLOR_NAME = AccentColor;
				CODE_SIGN_STYLE = Automatic;
				CURRENT_PROJECT_VERSION = 1;
				DEVELOPMENT_TEAM = 9Y85V96RV9;
				GENERATE_INFOPLIST_FILE = YES;
				INFOPLIST_FILE = BankLoanApplication/Info.plist;
				INFOPLIST_KEY_UIApplicationSupportsIndirectInputEvents = YES;
				INFOPLIST_KEY_UILaunchStoryboardName = LaunchScreen;
				INFOPLIST_KEY_UIMainStoryboardFile = Main;
				INFOPLIST_KEY_UISupportedInterfaceOrientations_iPad = "UIInterfaceOrientationPortrait UIInterfaceOrientationPortraitUpsideDown UIInterfaceOrientationLandscapeLeft UIInterfaceOrientationLandscapeRight";
				INFOPLIST_KEY_UISupportedInterfaceOrientations_iPhone = "UIInterfaceOrientationPortrait UIInterfaceOrientationLandscapeLeft UIInterfaceOrientationLandscapeRight";
				LD_RUNPATH_SEARCH_PATHS = (
					"$(inherited)",
					"@executable_path/Frameworks",
				);
				MARKETING_VERSION = 1.0;
				PRODUCT_BUNDLE_IDENTIFIER = com.RyanSmale.BankLoanApplication;
				PRODUCT_NAME = "$(TARGET_NAME)";
				SWIFT_EMIT_LOC_STRINGS = YES;
				SWIFT_VERSION = 5.0;
				TARGETED_DEVICE_FAMILY = "1,2";
			};
			name = Release;
		};
		9589C62A2CCAEEE800BE4A12 /* Debug */ = {
			isa = XCBuildConfiguration;
			buildSettings = {
				ALWAYS_SEARCH_USER_PATHS = NO;
				ASSETCATALOG_COMPILER_GENERATE_SWIFT_ASSET_SYMBOL_EXTENSIONS = YES;
				CLANG_ANALYZER_NONNULL = YES;
				CLANG_ANALYZER_NUMBER_OBJECT_CONVERSION = YES_AGGRESSIVE;
				CLANG_CXX_LANGUAGE_STANDARD = "gnu++20";
				CLANG_ENABLE_MODULES = YES;
				CLANG_ENABLE_OBJC_ARC = YES;
				CLANG_ENABLE_OBJC_WEAK = YES;
				CLANG_WARN_BLOCK_CAPTURE_AUTORELEASING = YES;
				CLANG_WARN_BOOL_CONVERSION = YES;
				CLANG_WARN_COMMA = YES;
				CLANG_WARN_CONSTANT_CONVERSION = YES;
				CLANG_WARN_DEPRECATED_OBJC_IMPLEMENTATIONS = YES;
				CLANG_WARN_DIRECT_OBJC_ISA_USAGE = YES_ERROR;
				CLANG_WARN_DOCUMENTATION_COMMENTS = YES;
				CLANG_WARN_EMPTY_BODY = YES;
				CLANG_WARN_ENUM_CONVERSION = YES;
				CLANG_WARN_INFINITE_RECURSION = YES;
				CLANG_WARN_INT_CONVERSION = YES;
				CLANG_WARN_NON_LITERAL_NULL_CONVERSION = YES;
				CLANG_WARN_OBJC_IMPLICIT_RETAIN_SELF = YES;
				CLANG_WARN_OBJC_LITERAL_CONVERSION = YES;
				CLANG_WARN_OBJC_ROOT_CLASS = YES_ERROR;
				CLANG_WARN_QUOTED_INCLUDE_IN_FRAMEWORK_HEADER = YES;
				CLANG_WARN_RANGE_LOOP_ANALYSIS = YES;
				CLANG_WARN_STRICT_PROTOTYPES = YES;
				CLANG_WARN_SUSPICIOUS_MOVE = YES;
				CLANG_WARN_UNGUARDED_AVAILABILITY = YES_AGGRESSIVE;
				CLANG_WARN_UNREACHABLE_CODE = YES;
				CLANG_WARN__DUPLICATE_METHOD_MATCH = YES;
				COPY_PHASE_STRIP = NO;
				DEBUG_INFORMATION_FORMAT = dwarf;
				ENABLE_STRICT_OBJC_MSGSEND = YES;
				ENABLE_TESTABILITY = YES;
				ENABLE_USER_SCRIPT_SANDBOXING = YES;
				GCC_C_LANGUAGE_STANDARD = gnu17;
				GCC_DYNAMIC_NO_PIC = NO;
				GCC_NO_COMMON_BLOCKS = YES;
				GCC_OPTIMIZATION_LEVEL = 0;
				GCC_PREPROCESSOR_DEFINITIONS = (
					"DEBUG=1",
					"$(inherited)",
				);
				GCC_WARN_64_TO_32_BIT_CONVERSION = YES;
				GCC_WARN_ABOUT_RETURN_TYPE = YES_ERROR;
				GCC_WARN_UNDECLARED_SELECTOR = YES;
				GCC_WARN_UNINITIALIZED_AUTOS = YES_AGGRESSIVE;
				GCC_WARN_UNUSED_FUNCTION = YES;
				GCC_WARN_UNUSED_VARIABLE = YES;
				IPHONEOS_DEPLOYMENT_TARGET = 18.0;
				LOCALIZATION_PREFERS_STRING_CATALOGS = YES;
				MTL_ENABLE_DEBUG_INFO = INCLUDE_SOURCE;
				MTL_FAST_MATH = YES;
				ONLY_ACTIVE_ARCH = YES;
				SDKROOT = iphoneos;
				SWIFT_ACTIVE_COMPILATION_CONDITIONS = "DEBUG $(inherited)";
				SWIFT_OPTIMIZATION_LEVEL = "-Onone";
			};
			name = Debug;
		};
		9589C62B2CCAEEE800BE4A12 /* Release */ = {
			isa = XCBuildConfiguration;
			buildSettings = {
				ALWAYS_SEARCH_USER_PATHS = NO;
				ASSETCATALOG_COMPILER_GENERATE_SWIFT_ASSET_SYMBOL_EXTENSIONS = YES;
				CLANG_ANALYZER_NONNULL = YES;
				CLANG_ANALYZER_NUMBER_OBJECT_CONVERSION = YES_AGGRESSIVE;
				CLANG_CXX_LANGUAGE_STANDARD = "gnu++20";
				CLANG_ENABLE_MODULES = YES;
				CLANG_ENABLE_OBJC_ARC = YES;
				CLANG_ENABLE_OBJC_WEAK = YES;
				CLANG_WARN_BLOCK_CAPTURE_AUTORELEASING = YES;
				CLANG_WARN_BOOL_CONVERSION = YES;
				CLANG_WARN_COMMA = YES;
				CLANG_WARN_CONSTANT_CONVERSION = YES;
				CLANG_WARN_DEPRECATED_OBJC_IMPLEMENTATIONS = YES;
				CLANG_WARN_DIRECT_OBJC_ISA_USAGE = YES_ERROR;
				CLANG_WARN_DOCUMENTATION_COMMENTS = YES;
				CLANG_WARN_EMPTY_BODY = YES;
				CLANG_WARN_ENUM_CONVERSION = YES;
				CLANG_WARN_INFINITE_RECURSION = YES;
				CLANG_WARN_INT_CONVERSION = YES;
				CLANG_WARN_NON_LITERAL_NULL_CONVERSION = YES;
				CLANG_WARN_OBJC_IMPLICIT_RETAIN_SELF = YES;
				CLANG_WARN_OBJC_LITERAL_CONVERSION = YES;
				CLANG_WARN_OBJC_ROOT_CLASS = YES_ERROR;
				CLANG_WARN_QUOTED_INCLUDE_IN_FRAMEWORK_HEADER = YES;
				CLANG_WARN_RANGE_LOOP_ANALYSIS = YES;
				CLANG_WARN_STRICT_PROTOTYPES = YES;
				CLANG_WARN_SUSPICIOUS_MOVE = YES;
				CLANG_WARN_UNGUARDED_AVAILABILITY = YES_AGGRESSIVE;
				CLANG_WARN_UNREACHABLE_CODE = YES;
				CLANG_WARN__DUPLICATE_METHOD_MATCH = YES;
				COPY_PHASE_STRIP = NO;
				DEBUG_INFORMATION_FORMAT = "dwarf-with-dsym";
				ENABLE_NS_ASSERTIONS = NO;
				ENABLE_STRICT_OBJC_MSGSEND = YES;
				ENABLE_USER_SCRIPT_SANDBOXING = YES;
				GCC_C_LANGUAGE_STANDARD = gnu17;
				GCC_NO_COMMON_BLOCKS = YES;
				GCC_WARN_64_TO_32_BIT_CONVERSION = YES;
				GCC_WARN_ABOUT_RETURN_TYPE = YES_ERROR;
				GCC_WARN_UNDECLARED_SELECTOR = YES;
				GCC_WARN_UNINITIALIZED_AUTOS = YES_AGGRESSIVE;
				GCC_WARN_UNUSED_FUNCTION = YES;
				GCC_WARN_UNUSED_VARIABLE = YES;
				IPHONEOS_DEPLOYMENT_TARGET = 18.0;
				LOCALIZATION_PREFERS_STRING_CATALOGS = YES;
				MTL_ENABLE_DEBUG_INFO = NO;
				MTL_FAST_MATH = YES;
				SDKROOT = iphoneos;
				SWIFT_COMPILATION_MODE = wholemodule;
				VALIDATE_PRODUCT = YES;
			};
			name = Release;
		};
		9589C62D2CCAEEE800BE4A12 /* Debug */ = {
			isa = XCBuildConfiguration;
			buildSettings = {
				BUNDLE_LOADER = "$(TEST_HOST)";
				CODE_SIGN_STYLE = Automatic;
				CURRENT_PROJECT_VERSION = 1;
				DEVELOPMENT_TEAM = 9Y85V96RV9;
				GENERATE_INFOPLIST_FILE = YES;
				IPHONEOS_DEPLOYMENT_TARGET = 18.0;
				MARKETING_VERSION = 1.0;
				PRODUCT_BUNDLE_IDENTIFIER = com.RyanSmale.BankLoanApplicationTests;
				PRODUCT_NAME = "$(TARGET_NAME)";
				SWIFT_EMIT_LOC_STRINGS = NO;
				SWIFT_VERSION = 5.0;
				TARGETED_DEVICE_FAMILY = "1,2";
				TEST_HOST = "$(BUILT_PRODUCTS_DIR)/BankLoanApplication.app/$(BUNDLE_EXECUTABLE_FOLDER_PATH)/BankLoanApplication";
			};
			name = Debug;
		};
		9589C62E2CCAEEE800BE4A12 /* Release */ = {
			isa = XCBuildConfiguration;
			buildSettings = {
				BUNDLE_LOADER = "$(TEST_HOST)";
				CODE_SIGN_STYLE = Automatic;
				CURRENT_PROJECT_VERSION = 1;
				DEVELOPMENT_TEAM = 9Y85V96RV9;
				GENERATE_INFOPLIST_FILE = YES;
				IPHONEOS_DEPLOYMENT_TARGET = 18.0;
				MARKETING_VERSION = 1.0;
				PRODUCT_BUNDLE_IDENTIFIER = com.RyanSmale.BankLoanApplicationTests;
				PRODUCT_NAME = "$(TARGET_NAME)";
				SWIFT_EMIT_LOC_STRINGS = NO;
				SWIFT_VERSION = 5.0;
				TARGETED_DEVICE_FAMILY = "1,2";
				TEST_HOST = "$(BUILT_PRODUCTS_DIR)/BankLoanApplication.app/$(BUNDLE_EXECUTABLE_FOLDER_PATH)/BankLoanApplication";
			};
			name = Release;
		};
		9589C6302CCAEEE800BE4A12 /* Debug */ = {
			isa = XCBuildConfiguration;
			buildSettings = {
				CODE_SIGN_STYLE = Automatic;
				CURRENT_PROJECT_VERSION = 1;
				DEVELOPMENT_TEAM = 9Y85V96RV9;
				GENERATE_INFOPLIST_FILE = YES;
				MARKETING_VERSION = 1.0;
				PRODUCT_BUNDLE_IDENTIFIER = com.RyanSmale.BankLoanApplicationUITests;
				PRODUCT_NAME = "$(TARGET_NAME)";
				SWIFT_EMIT_LOC_STRINGS = NO;
				SWIFT_VERSION = 5.0;
				TARGETED_DEVICE_FAMILY = "1,2";
				TEST_TARGET_NAME = BankLoanApplication;
			};
			name = Debug;
		};
		9589C6312CCAEEE800BE4A12 /* Release */ = {
			isa = XCBuildConfiguration;
			buildSettings = {
				CODE_SIGN_STYLE = Automatic;
				CURRENT_PROJECT_VERSION = 1;
				DEVELOPMENT_TEAM = 9Y85V96RV9;
				GENERATE_INFOPLIST_FILE = YES;
				MARKETING_VERSION = 1.0;
				PRODUCT_BUNDLE_IDENTIFIER = com.RyanSmale.BankLoanApplicationUITests;
				PRODUCT_NAME = "$(TARGET_NAME)";
				SWIFT_EMIT_LOC_STRINGS = NO;
				SWIFT_VERSION = 5.0;
				TARGETED_DEVICE_FAMILY = "1,2";
				TEST_TARGET_NAME = BankLoanApplication;
			};
			name = Release;
		};
/* End XCBuildConfiguration section */

/* Begin XCConfigurationList section */
		9589C5F62CCAEEE600BE4A12 /* Build configuration list for PBXProject "BankLoanApplication" */ = {
			isa = XCConfigurationList;
			buildConfigurations = (
				9589C62A2CCAEEE800BE4A12 /* Debug */,
				9589C62B2CCAEEE800BE4A12 /* Release */,
			);
			defaultConfigurationIsVisible = 0;
			defaultConfigurationName = Release;
		};
		9589C6272CCAEEE800BE4A12 /* Build configuration list for PBXNativeTarget "BankLoanApplication" */ = {
			isa = XCConfigurationList;
			buildConfigurations = (
				9589C6282CCAEEE800BE4A12 /* Debug */,
				9589C6292CCAEEE800BE4A12 /* Release */,
			);
			defaultConfigurationIsVisible = 0;
			defaultConfigurationName = Release;
		};
		9589C62C2CCAEEE800BE4A12 /* Build configuration list for PBXNativeTarget "BankLoanApplicationTests" */ = {
			isa = XCConfigurationList;
			buildConfigurations = (
				9589C62D2CCAEEE800BE4A12 /* Debug */,
				9589C62E2CCAEEE800BE4A12 /* Release */,
			);
			defaultConfigurationIsVisible = 0;
			defaultConfigurationName = Release;
		};
		9589C62F2CCAEEE800BE4A12 /* Build configuration list for PBXNativeTarget "BankLoanApplicationUITests" */ = {
			isa = XCConfigurationList;
			buildConfigurations = (
				9589C6302CCAEEE800BE4A12 /* Debug */,
				9589C6312CCAEEE800BE4A12 /* Release */,
			);
			defaultConfigurationIsVisible = 0;
			defaultConfigurationName = Release;
		};
/* End XCConfigurationList section */
	};
	rootObject = 9589C5F32CCAEEE600BE4A12 /* Project object */;
}
